
Microsoft Visual Studio Solution File, Format Version 12.00
# Visual Studio Version 17
VisualStudioVersion = 17.8.34309.116
MinimumVisualStudioVersion = 10.0.40219.1
Project("{FAE04EC0-301F-11D3-BF4B-00C04F79EFBC}") = "Todo", "Todo.csproj", "{CF696FD6-5B6D-4EA6-BF71-BF61CF58EEB6}"
EndProject
Global
	GlobalSection(SolutionConfigurationPlatforms) = preSolution
		Debug|Any CPU = Debug|Any CPU
		Release|Any CPU = Release|Any CPU
	EndGlobalSection
	GlobalSection(ProjectConfigurationPlatforms) = postSolution
		{CF696FD6-5B6D-4EA6-BF71-BF61CF58EEB6}.Debug|Any CPU.ActiveCfg = Debug|Any CPU
		{CF696FD6-5B6D-4EA6-BF71-BF61CF58EEB6}.Debug|Any CPU.Build.0 = Debug|Any CPU
		{CF696FD6-5B6D-4EA6-BF71-BF61CF58EEB6}.Release|Any CPU.ActiveCfg = Release|Any CPU
		{CF696FD6-5B6D-4EA6-BF71-BF61CF58EEB6}.Release|Any CPU.Build.0 = Release|Any CPU
	EndGlobalSection
	GlobalSection(SolutionProperties) = preSolution
		HideSolutionNode = FALSE
	EndGlobalSection
	GlobalSection(ExtensibilityGlobals) = postSolution
		SolutionGuid = {334A11D3-4F73-4B20-91D2-2DDC39EAB815}
	EndGlobalSection
EndGlobal
